
Microsoft Visual Studio Solution File, Format Version 12.00
# Visual Studio Version 17
VisualStudioVersion = 17.11.35017.193
MinimumVisualStudioVersion = 10.0.40219.1
Project("{9A19103F-16F7-4668-BE54-9A1E7A4F7556}") = "AntDesign.Docs", "src\AntDesign.Docs\AntDesign.Docs.csproj", "{DBAF7DE9-EB1C-4DE7-A5D8-2CC94C0E7188}"
EndProject
Project("{9A19103F-16F7-4668-BE54-9A1E7A4F7556}") = "AntDesign.Docs.Build", "src\AntDesign.Docs.Build\AntDesign.Docs.Build.csproj", "{803C0FDD-1F5B-413C-8D99-47C0D0CAA3D8}"
EndProject
Project("{9A19103F-16F7-4668-BE54-9A1E7A4F7556}") = "AntDesign.Docs.Build.CLI", "src\AntDesign.Docs.Build.CLI\AntDesign.Docs.Build.CLI.csproj", "{08E095A2-9723-432E-8116-BD972F195D96}"
EndProject
Project("{9A19103F-16F7-4668-BE54-9A1E7A4F7556}") = "AntDesign.Docs.Server", "src\AntDesign.Docs.Server\AntDesign.Docs.Server.csproj", "{DC66FB73-4827-4859-92B2-4F11EA64116E}"
EndProject
Project("{9A19103F-16F7-4668-BE54-9A1E7A4F7556}") = "AntDesign.Docs.Wasm", "src\AntDesign.Docs.Wasm\AntDesign.Docs.Wasm.csproj", "{2840DB7C-00AC-4329-AE44-C9146343563A}"
EndProject
Project("{9A19103F-16F7-4668-BE54-9A1E7A4F7556}") = "AntDesign.Docs.WebApp", "src\AntDesign.Docs.WebApp\AntDesign.Docs.WebApp.csproj", "{88B45B66-9D05-4FAD-BE7F-3D0218D63496}"
EndProject
Project("{2150E333-8FDC-42A3-9474-1A3956D46DE8}") = "src", "src", "{4B12CC52-8F92-4E35-A801-A8D77B3F3C16}"
EndProject
Project("{2150E333-8FDC-42A3-9474-1A3956D46DE8}") = "tools", "tools", "{8BB26F9F-C9D7-4F59-97D2-9FC0D72DDE0F}"
EndProject
Project("{2150E333-8FDC-42A3-9474-1A3956D46DE8}") = "sample", "sample", "{B5E82ED7-42BA-4B47-9E94-B7D4C8E5CB0B}"
EndProject
Project("{2150E333-8FDC-42A3-9474-1A3956D46DE8}") = "Solution Items", "Solution Items", "{D39C3058-2B07-40D8-B42B-82D6951E17B0}"
	ProjectSection(SolutionItems) = preProject
		README.md = README.md
	EndProjectSection
EndProject
Project("{9A19103F-16F7-4668-BE54-9A1E7A4F7556}") = "AntDesign.Docs.Generator", "src\AntDesign.Docs.Generator\AntDesign.Docs.Generator.csproj", "{60BC9E45-8527-43A6-AD0A-B9CCDA51CCEA}"
EndProject
Project("{9A19103F-16F7-4668-BE54-9A1E7A4F7556}") = "AntDesign.Docs.Demos", "src\AntDesign.Docs.Demos\AntDesign.Docs.Demos.csproj", "{BAFDF08B-A2DF-47C9-A001-3E251EF22010}"
EndProject
Project("{9A19103F-16F7-4668-BE54-9A1E7A4F7556}") = "SiteGenerator.Sample", "src\SiteGenerator.Sample\SiteGenerator.Sample.csproj", "{067C848D-0E02-4F2B-B12A-8D9C67159509}"
EndProject
Global
	GlobalSection(SolutionConfigurationPlatforms) = preSolution
		Debug|Any CPU = Debug|Any CPU
		Release|Any CPU = Release|Any CPU
	EndGlobalSection
	GlobalSection(ProjectConfigurationPlatforms) = postSolution
		{DBAF7DE9-EB1C-4DE7-A5D8-2CC94C0E7188}.Debug|Any CPU.ActiveCfg = Debug|Any CPU
		{DBAF7DE9-EB1C-4DE7-A5D8-2CC94C0E7188}.Debug|Any CPU.Build.0 = Debug|Any CPU
		{DBAF7DE9-EB1C-4DE7-A5D8-2CC94C0E7188}.Release|Any CPU.ActiveCfg = Release|Any CPU
		{DBAF7DE9-EB1C-4DE7-A5D8-2CC94C0E7188}.Release|Any CPU.Build.0 = Release|Any CPU
		{803C0FDD-1F5B-413C-8D99-47C0D0CAA3D8}.Debug|Any CPU.ActiveCfg = Debug|Any CPU
		{803C0FDD-1F5B-413C-8D99-47C0D0CAA3D8}.Debug|Any CPU.Build.0 = Debug|Any CPU
		{803C0FDD-1F5B-413C-8D99-47C0D0CAA3D8}.Release|Any CPU.ActiveCfg = Release|Any CPU
		{803C0FDD-1F5B-413C-8D99-47C0D0CAA3D8}.Release|Any CPU.Build.0 = Release|Any CPU
		{08E095A2-9723-432E-8116-BD972F195D96}.Debug|Any CPU.ActiveCfg = Debug|Any CPU
		{08E095A2-9723-432E-8116-BD972F195D96}.Debug|Any CPU.Build.0 = Debug|Any CPU
		{08E095A2-9723-432E-8116-BD972F195D96}.Release|Any CPU.ActiveCfg = Release|Any CPU
		{08E095A2-9723-432E-8116-BD972F195D96}.Release|Any CPU.Build.0 = Release|Any CPU
		{DC66FB73-4827-4859-92B2-4F11EA64116E}.Debug|Any CPU.ActiveCfg = Debug|Any CPU
		{DC66FB73-4827-4859-92B2-4F11EA64116E}.Debug|Any CPU.Build.0 = Debug|Any CPU
		{DC66FB73-4827-4859-92B2-4F11EA64116E}.Release|Any CPU.ActiveCfg = Release|Any CPU
		{DC66FB73-4827-4859-92B2-4F11EA64116E}.Release|Any CPU.Build.0 = Release|Any CPU
		{2840DB7C-00AC-4329-AE44-C9146343563A}.Debug|Any CPU.ActiveCfg = Debug|Any CPU
		{2840DB7C-00AC-4329-AE44-C9146343563A}.Debug|Any CPU.Build.0 = Debug|Any CPU
		{2840DB7C-00AC-4329-AE44-C9146343563A}.Release|Any CPU.ActiveCfg = Release|Any CPU
		{2840DB7C-00AC-4329-AE44-C9146343563A}.Release|Any CPU.Build.0 = Release|Any CPU
		{88B45B66-9D05-4FAD-BE7F-3D0218D63496}.Debug|Any CPU.ActiveCfg = Debug|Any CPU
		{88B45B66-9D05-4FAD-BE7F-3D0218D63496}.Debug|Any CPU.Build.0 = Debug|Any CPU
		{88B45B66-9D05-4FAD-BE7F-3D0218D63496}.Release|Any CPU.ActiveCfg = Release|Any CPU
		{88B45B66-9D05-4FAD-BE7F-3D0218D63496}.Release|Any CPU.Build.0 = Release|Any CPU
		{60BC9E45-8527-43A6-AD0A-B9CCDA51CCEA}.Debug|Any CPU.ActiveCfg = Debug|Any CPU
		{60BC9E45-8527-43A6-AD0A-B9CCDA51CCEA}.Debug|Any CPU.Build.0 = Debug|Any CPU
		{60BC9E45-8527-43A6-AD0A-B9CCDA51CCEA}.Release|Any CPU.ActiveCfg = Release|Any CPU
		{60BC9E45-8527-43A6-AD0A-B9CCDA51CCEA}.Release|Any CPU.Build.0 = Release|Any CPU
		{BAFDF08B-A2DF-47C9-A001-3E251EF22010}.Debug|Any CPU.ActiveCfg = Debug|Any CPU
		{BAFDF08B-A2DF-47C9-A001-3E251EF22010}.Debug|Any CPU.Build.0 = Debug|Any CPU
		{BAFDF08B-A2DF-47C9-A001-3E251EF22010}.Release|Any CPU.ActiveCfg = Release|Any CPU
		{BAFDF08B-A2DF-47C9-A001-3E251EF22010}.Release|Any CPU.Build.0 = Release|Any CPU
		{067C848D-0E02-4F2B-B12A-8D9C67159509}.Debug|Any CPU.ActiveCfg = Debug|Any CPU
		{067C848D-0E02-4F2B-B12A-8D9C67159509}.Debug|Any CPU.Build.0 = Debug|Any CPU
		{067C848D-0E02-4F2B-B12A-8D9C67159509}.Release|Any CPU.ActiveCfg = Release|Any CPU
		{067C848D-0E02-4F2B-B12A-8D9C67159509}.Release|Any CPU.Build.0 = Release|Any CPU
	EndGlobalSection
	GlobalSection(SolutionProperties) = preSolution
		HideSolutionNode = FALSE
	EndGlobalSection
	GlobalSection(NestedProjects) = preSolution
		{DBAF7DE9-EB1C-4DE7-A5D8-2CC94C0E7188} = {4B12CC52-8F92-4E35-A801-A8D77B3F3C16}
		{803C0FDD-1F5B-413C-8D99-47C0D0CAA3D8} = {8BB26F9F-C9D7-4F59-97D2-9FC0D72DDE0F}
		{08E095A2-9723-432E-8116-BD972F195D96} = {8BB26F9F-C9D7-4F59-97D2-9FC0D72DDE0F}
		{DC66FB73-4827-4859-92B2-4F11EA64116E} = {B5E82ED7-42BA-4B47-9E94-B7D4C8E5CB0B}
		{2840DB7C-00AC-4329-AE44-C9146343563A} = {B5E82ED7-42BA-4B47-9E94-B7D4C8E5CB0B}
		{88B45B66-9D05-4FAD-BE7F-3D0218D63496} = {B5E82ED7-42BA-4B47-9E94-B7D4C8E5CB0B}
		{60BC9E45-8527-43A6-AD0A-B9CCDA51CCEA} = {4B12CC52-8F92-4E35-A801-A8D77B3F3C16}
		{BAFDF08B-A2DF-47C9-A001-3E251EF22010} = {4B12CC52-8F92-4E35-A801-A8D77B3F3C16}
		{067C848D-0E02-4F2B-B12A-8D9C67159509} = {B5E82ED7-42BA-4B47-9E94-B7D4C8E5CB0B}
	EndGlobalSection
	GlobalSection(ExtensibilityGlobals) = postSolution
		SolutionGuid = {D631750C-0AB9-4D8D-BCB5-4FFB4B2609E7}
	EndGlobalSection
EndGlobal
